
Microsoft Visual Studio Solution File, Format Version 12.00
# Visual Studio 15
VisualStudioVersion = 15.0.26124.0
MinimumVisualStudioVersion = 15.0.26124.0
Project("{FAE04EC0-301F-11D3-BF4B-00C04F79EFBC}") = "MyConsoleProject", "MyConsoleProject\MyConsoleProject.csproj", "{113FD66C-E948-4A22-8F91-C451BFF47874}"
EndProject
Project("{FAE04EC0-301F-11D3-BF4B-00C04F79EFBC}") = "MovieBoard.EntititesDataLib", "MovieBoard.EntititesDataLib\MovieBoard.EntititesDataLib.csproj", "{91E64B85-8608-4ED5-B1EC-F33B8CC26C2A}"
EndProject
Project("{FAE04EC0-301F-11D3-BF4B-00C04F79EFBC}") = "DataGenerator", "DataGenerator\DataGenerator.csproj", "{24B0C280-3221-46E2-8E83-D4EC13D09331}"
EndProject
Global
	GlobalSection(SolutionConfigurationPlatforms) = preSolution
		Debug|Any CPU = Debug|Any CPU
		Debug|x64 = Debug|x64
		Debug|x86 = Debug|x86
		Release|Any CPU = Release|Any CPU
		Release|x64 = Release|x64
		Release|x86 = Release|x86
	EndGlobalSection
	GlobalSection(SolutionProperties) = preSolution
		HideSolutionNode = FALSE
	EndGlobalSection
	GlobalSection(ProjectConfigurationPlatforms) = postSolution
		{113FD66C-E948-4A22-8F91-C451BFF47874}.Debug|Any CPU.ActiveCfg = Debug|Any CPU
		{113FD66C-E948-4A22-8F91-C451BFF47874}.Debug|Any CPU.Build.0 = Debug|Any CPU
		{113FD66C-E948-4A22-8F91-C451BFF47874}.Debug|x64.ActiveCfg = Debug|Any CPU
		{113FD66C-E948-4A22-8F91-C451BFF47874}.Debug|x64.Build.0 = Debug|Any CPU
		{113FD66C-E948-4A22-8F91-C451BFF47874}.Debug|x86.ActiveCfg = Debug|Any CPU
		{113FD66C-E948-4A22-8F91-C451BFF47874}.Debug|x86.Build.0 = Debug|Any CPU
		{113FD66C-E948-4A22-8F91-C451BFF47874}.Release|Any CPU.ActiveCfg = Release|Any CPU
		{113FD66C-E948-4A22-8F91-C451BFF47874}.Release|Any CPU.Build.0 = Release|Any CPU
		{113FD66C-E948-4A22-8F91-C451BFF47874}.Release|x64.ActiveCfg = Release|Any CPU
		{113FD66C-E948-4A22-8F91-C451BFF47874}.Release|x64.Build.0 = Release|Any CPU
		{113FD66C-E948-4A22-8F91-C451BFF47874}.Release|x86.ActiveCfg = Release|Any CPU
		{113FD66C-E948-4A22-8F91-C451BFF47874}.Release|x86.Build.0 = Release|Any CPU
		{91E64B85-8608-4ED5-B1EC-F33B8CC26C2A}.Debug|Any CPU.ActiveCfg = Debug|Any CPU
		{91E64B85-8608-4ED5-B1EC-F33B8CC26C2A}.Debug|Any CPU.Build.0 = Debug|Any CPU
		{91E64B85-8608-4ED5-B1EC-F33B8CC26C2A}.Debug|x64.ActiveCfg = Debug|Any CPU
		{91E64B85-8608-4ED5-B1EC-F33B8CC26C2A}.Debug|x64.Build.0 = Debug|Any CPU
		{91E64B85-8608-4ED5-B1EC-F33B8CC26C2A}.Debug|x86.ActiveCfg = Debug|Any CPU
		{91E64B85-8608-4ED5-B1EC-F33B8CC26C2A}.Debug|x86.Build.0 = Debug|Any CPU
		{91E64B85-8608-4ED5-B1EC-F33B8CC26C2A}.Release|Any CPU.ActiveCfg = Release|Any CPU
		{91E64B85-8608-4ED5-B1EC-F33B8CC26C2A}.Release|Any CPU.Build.0 = Release|Any CPU
		{91E64B85-8608-4ED5-B1EC-F33B8CC26C2A}.Release|x64.ActiveCfg = Release|Any CPU
		{91E64B85-8608-4ED5-B1EC-F33B8CC26C2A}.Release|x64.Build.0 = Release|Any CPU
		{91E64B85-8608-4ED5-B1EC-F33B8CC26C2A}.Release|x86.ActiveCfg = Release|Any CPU
		{91E64B85-8608-4ED5-B1EC-F33B8CC26C2A}.Release|x86.Build.0 = Release|Any CPU
		{24B0C280-3221-46E2-8E83-D4EC13D09331}.Debug|Any CPU.ActiveCfg = Debug|Any CPU
		{24B0C280-3221-46E2-8E83-D4EC13D09331}.Debug|Any CPU.Build.0 = Debug|Any CPU
		{24B0C280-3221-46E2-8E83-D4EC13D09331}.Debug|x64.ActiveCfg = Debug|Any CPU
		{24B0C280-3221-46E2-8E83-D4EC13D09331}.Debug|x64.Build.0 = Debug|Any CPU
		{24B0C280-3221-46E2-8E83-D4EC13D09331}.Debug|x86.ActiveCfg = Debug|Any CPU
		{24B0C280-3221-46E2-8E83-D4EC13D09331}.Debug|x86.Build.0 = Debug|Any CPU
		{24B0C280-3221-46E2-8E83-D4EC13D09331}.Release|Any CPU.ActiveCfg = Release|Any CPU
		{24B0C280-3221-46E2-8E83-D4EC13D09331}.Release|Any CPU.Build.0 = Release|Any CPU
		{24B0C280-3221-46E2-8E83-D4EC13D09331}.Release|x64.ActiveCfg = Release|Any CPU
		{24B0C280-3221-46E2-8E83-D4EC13D09331}.Release|x64.Build.0 = Release|Any CPU
		{24B0C280-3221-46E2-8E83-D4EC13D09331}.Release|x86.ActiveCfg = Release|Any CPU
		{24B0C280-3221-46E2-8E83-D4EC13D09331}.Release|x86.Build.0 = Release|Any CPU
	EndGlobalSection
EndGlobal
